
Microsoft Visual Studio Solution File, Format Version 12.00
# Visual Studio Version 17
VisualStudioVersion = 17.14.36408.4 d17.14
MinimumVisualStudioVersion = 10.0.40219.1
Project("{FAE04EC0-301F-11D3-BF4B-00C04F79EFBC}") = "Chess_Logic", "Chess_Logic.csproj", "{36829AD8-BA35-4BCD-8C27-AC49E4D4CB69}"
EndProject
Global
	GlobalSection(SolutionConfigurationPlatforms) = preSolution
		Debug|Any CPU = Debug|Any CPU
		Release|Any CPU = Release|Any CPU
	EndGlobalSection
	GlobalSection(ProjectConfigurationPlatforms) = postSolution
		{36829AD8-BA35-4BCD-8C27-AC49E4D4CB69}.Debug|Any CPU.ActiveCfg = Debug|Any CPU
		{36829AD8-BA35-4BCD-8C27-AC49E4D4CB69}.Debug|Any CPU.Build.0 = Debug|Any CPU
		{36829AD8-BA35-4BCD-8C27-AC49E4D4CB69}.Release|Any CPU.ActiveCfg = Release|Any CPU
		{36829AD8-BA35-4BCD-8C27-AC49E4D4CB69}.Release|Any CPU.Build.0 = Release|Any CPU
	EndGlobalSection
	GlobalSection(SolutionProperties) = preSolution
		HideSolutionNode = FALSE
	EndGlobalSection
	GlobalSection(ExtensibilityGlobals) = postSolution
		SolutionGuid = {C439FD4E-4945-46EC-9F88-1EBAFA52A592}
	EndGlobalSection
EndGlobal
